
Microsoft Visual Studio Solution File, Format Version 12.00
# Visual Studio Version 17
VisualStudioVersion = 17.11.35222.181
MinimumVisualStudioVersion = 10.0.40219.1
Project("{FAE04EC0-301F-11D3-BF4B-00C04F79EFBC}") = "S_DDD", "S_DDD\S_DDD.csproj", "{A6081453-A875-4CC1-82A9-3D1D47B46F0C}"
EndProject
Global
	GlobalSection(SolutionConfigurationPlatforms) = preSolution
		Debug|Any CPU = Debug|Any CPU
		Release|Any CPU = Release|Any CPU
	EndGlobalSection
	GlobalSection(ProjectConfigurationPlatforms) = postSolution
		{A6081453-A875-4CC1-82A9-3D1D47B46F0C}.Debug|Any CPU.ActiveCfg = Debug|Any CPU
		{A6081453-A875-4CC1-82A9-3D1D47B46F0C}.Debug|Any CPU.Build.0 = Debug|Any CPU
		{A6081453-A875-4CC1-82A9-3D1D47B46F0C}.Release|Any CPU.ActiveCfg = Release|Any CPU
		{A6081453-A875-4CC1-82A9-3D1D47B46F0C}.Release|Any CPU.Build.0 = Release|Any CPU
	EndGlobalSection
	GlobalSection(SolutionProperties) = preSolution
		HideSolutionNode = FALSE
	EndGlobalSection
	GlobalSection(ExtensibilityGlobals) = postSolution
		SolutionGuid = {692A10E6-9507-48B0-8C7E-D2174E2CA2E9}
	EndGlobalSection
EndGlobal
